
Microsoft Visual Studio Solution File, Format Version 12.00
Project("{FAE04EC0-301F-11D3-BF4B-00C04F79EFBC}") = "ExamPaper.Core", "ExamPaper.Core\ExamPaper.Core.csproj", "{3E3AF8FE-2697-46EC-9817-94F85151811C}"
EndProject
Project("{FAE04EC0-301F-11D3-BF4B-00C04F79EFBC}") = "ExamPaper.Service", "ExamPaper.Service\ExamPaper.Service.csproj", "{EAFE9D87-E1AD-4CBF-B5E9-CE1C73C4EA75}"
EndProject
Project("{FAE04EC0-301F-11D3-BF4B-00C04F79EFBC}") = "ExamPaper.Infrastructure", "ExamPaper.Infrastructure\ExamPaper.Infrastructure.csproj", "{CAA1A269-100A-445A-8D24-EE88891035CF}"
EndProject
Project("{FAE04EC0-301F-11D3-BF4B-00C04F79EFBC}") = "ExamPaper.Tests", "ExamPaper.Tests\ExamPaper.Tests.csproj", "{2A90C457-3849-42B1-8C3A-4E14E91A2268}"
EndProject
Global
	GlobalSection(SolutionConfigurationPlatforms) = preSolution
		Debug|Any CPU = Debug|Any CPU
		Release|Any CPU = Release|Any CPU
	EndGlobalSection
	GlobalSection(ProjectConfigurationPlatforms) = postSolution
		{3E3AF8FE-2697-46EC-9817-94F85151811C}.Debug|Any CPU.ActiveCfg = Debug|Any CPU
		{3E3AF8FE-2697-46EC-9817-94F85151811C}.Debug|Any CPU.Build.0 = Debug|Any CPU
		{3E3AF8FE-2697-46EC-9817-94F85151811C}.Release|Any CPU.ActiveCfg = Release|Any CPU
		{3E3AF8FE-2697-46EC-9817-94F85151811C}.Release|Any CPU.Build.0 = Release|Any CPU
		{EAFE9D87-E1AD-4CBF-B5E9-CE1C73C4EA75}.Debug|Any CPU.ActiveCfg = Debug|Any CPU
		{EAFE9D87-E1AD-4CBF-B5E9-CE1C73C4EA75}.Debug|Any CPU.Build.0 = Debug|Any CPU
		{EAFE9D87-E1AD-4CBF-B5E9-CE1C73C4EA75}.Release|Any CPU.ActiveCfg = Release|Any CPU
		{EAFE9D87-E1AD-4CBF-B5E9-CE1C73C4EA75}.Release|Any CPU.Build.0 = Release|Any CPU
		{CAA1A269-100A-445A-8D24-EE88891035CF}.Debug|Any CPU.ActiveCfg = Debug|Any CPU
		{CAA1A269-100A-445A-8D24-EE88891035CF}.Debug|Any CPU.Build.0 = Debug|Any CPU
		{CAA1A269-100A-445A-8D24-EE88891035CF}.Release|Any CPU.ActiveCfg = Release|Any CPU
		{CAA1A269-100A-445A-8D24-EE88891035CF}.Release|Any CPU.Build.0 = Release|Any CPU
		{2A90C457-3849-42B1-8C3A-4E14E91A2268}.Debug|Any CPU.ActiveCfg = Debug|Any CPU
		{2A90C457-3849-42B1-8C3A-4E14E91A2268}.Debug|Any CPU.Build.0 = Debug|Any CPU
		{2A90C457-3849-42B1-8C3A-4E14E91A2268}.Release|Any CPU.ActiveCfg = Release|Any CPU
		{2A90C457-3849-42B1-8C3A-4E14E91A2268}.Release|Any CPU.Build.0 = Release|Any CPU
	EndGlobalSection
EndGlobal
